
Microsoft Visual Studio Solution File, Format Version 12.00
Project("{FAE04EC0-301F-11D3-BF4B-00C04F79EFBC}") = "VintageSymphony", "VintageSymphony\VintageSymphony.csproj", "{82C2DF3F-0501-4281-BE9D-31C9360D8324}"
EndProject
Project("{FAE04EC0-301F-11D3-BF4B-00C04F79EFBC}") = "CakeBuild", "CakeBuild\CakeBuild.csproj", "{395BC2EF-86DF-4F5D-BC1E-C5FD5249F5CB}"
EndProject
Global
	GlobalSection(SolutionConfigurationPlatforms) = preSolution
		Debug|Any CPU = Debug|Any CPU
		Release|Any CPU = Release|Any CPU
	EndGlobalSection
	GlobalSection(ProjectConfigurationPlatforms) = postSolution
		{82C2DF3F-0501-4281-BE9D-31C9360D8324}.Debug|Any CPU.ActiveCfg = Debug|Any CPU
		{82C2DF3F-0501-4281-BE9D-31C9360D8324}.Debug|Any CPU.Build.0 = Debug|Any CPU
		{82C2DF3F-0501-4281-BE9D-31C9360D8324}.Release|Any CPU.ActiveCfg = Release|Any CPU
		{82C2DF3F-0501-4281-BE9D-31C9360D8324}.Release|Any CPU.Build.0 = Release|Any CPU
		{395BC2EF-86DF-4F5D-BC1E-C5FD5249F5CB}.Debug|Any CPU.ActiveCfg = Debug|Any CPU
		{395BC2EF-86DF-4F5D-BC1E-C5FD5249F5CB}.Debug|Any CPU.Build.0 = Debug|Any CPU
		{395BC2EF-86DF-4F5D-BC1E-C5FD5249F5CB}.Release|Any CPU.ActiveCfg = Release|Any CPU
		{395BC2EF-86DF-4F5D-BC1E-C5FD5249F5CB}.Release|Any CPU.Build.0 = Release|Any CPU
	EndGlobalSection
EndGlobal
